// !$*UTF8*$!
{
	archiveVersion = 1;
	classes = {
	};
	objectVersion = 56;
	objects = {

/* Begin PBXBuildFile section */
		D6C3F09A2A9FBC0700A1CD16 /* Stopwatch_iOSApp.swift in Sources */ = {isa = PBXBuildFile; fileRef = D6C3F0992A9FBC0700A1CD16 /* Stopwatch_iOSApp.swift */; };
		D6C3F09C2A9FBC0700A1CD16 /* ContentView.swift in Sources */ = {isa = PBXBuildFile; fileRef = D6C3F09B2A9FBC0700A1CD16 /* ContentView.swift */; };
		D6C3F09E2A9FBC0B00A1CD16 /* Assets.xcassets in Resources */ = {isa = PBXBuildFile; fileRef = D6C3F09D2A9FBC0B00A1CD16 /* Assets.xcassets */; };
		D6C3F0A22A9FBC0B00A1CD16 /* Preview Assets.xcassets in Resources */ = {isa = PBXBuildFile; fileRef = D6C3F0A12A9FBC0B00A1CD16 /* Preview Assets.xcassets */; };
		D6C3F0AC2A9FBC0B00A1CD16 /* Stopwatch_iOSTests.swift in Sources */ = {isa = PBXBuildFile; fileRef = D6C3F0AB2A9FBC0B00A1CD16 /* Stopwatch_iOSTests.swift */; };
		D6C3F0B62A9FBC0B00A1CD16 /* Stopwatch_iOSUITests.swift in Sources */ = {isa = PBXBuildFile; fileRef = D6C3F0B52A9FBC0B00A1CD16 /* Stopwatch_iOSUITests.swift */; };
		D6C3F0B82A9FBC0B00A1CD16 /* Stopwatch_iOSUITestsLaunchTests.swift in Sources */ = {isa = PBXBuildFile; fileRef = D6C3F0B72A9FBC0B00A1CD16 /* Stopwatch_iOSUITestsLaunchTests.swift */; };
/* End PBXBuildFile section */

/* Begin PBXContainerItemProxy section */
		D6C3F0A82A9FBC0B00A1CD16 /* PBXContainerItemProxy */ = {
			isa = PBXContainerItemProxy;
			containerPortal = D6C3F08E2A9FBC0700A1CD16 /* Project object */;
			proxyType = 1;
			remoteGlobalIDString = D6C3F0952A9FBC0700A1CD16;
			remoteInfo = Stopwatch_iOS;
		};
		D6C3F0B22A9FBC0B00A1CD16 /* PBXContainerItemProxy */ = {
			isa = PBXContainerItemProxy;
			containerPortal = D6C3F08E2A9FBC0700A1CD16 /* Project object */;
			proxyType = 1;
			remoteGlobalIDString = D6C3F0952A9FBC0700A1CD16;
			remoteInfo = Stopwatch_iOS;
		};
/* End PBXContainerItemProxy section */

/* Begin PBXFileReference section */
		D6C3F0962A9FBC0700A1CD16 /* Stopwatch_iOS.app */ = {isa = PBXFileReference; explicitFileType = wrapper.application; includeInIndex = 0; path = Stopwatch_iOS.app; sourceTree = BUILT_PRODUCTS_DIR; };
		D6C3F0992A9FBC0700A1CD16 /* Stopwatch_iOSApp.swift */ = {isa = PBXFileReference; lastKnownFileType = sourcecode.swift; path = Stopwatch_iOSApp.swift; sourceTree = "<group>"; };
		D6C3F09B2A9FBC0700A1CD16 /* ContentView.swift */ = {isa = PBXFileReference; lastKnownFileType = sourcecode.swift; path = ContentView.swift; sourceTree = "<group>"; };
		D6C3F09D2A9FBC0B00A1CD16 /* Assets.xcassets */ = {isa = PBXFileReference; lastKnownFileType = folder.assetcatalog; path = Assets.xcassets; sourceTree = "<group>"; };
		D6C3F09F2A9FBC0B00A1CD16 /* Stopwatch_iOS.entitlements */ = {isa = PBXFileReference; lastKnownFileType = text.plist.entitlements; path = Stopwatch_iOS.entitlements; sourceTree = "<group>"; };
		D6C3F0A12A9FBC0B00A1CD16 /* Preview Assets.xcassets */ = {isa = PBXFileReference; lastKnownFileType = folder.assetcatalog; path = "Preview Assets.xcassets"; sourceTree = "<group>"; };
		D6C3F0A72A9FBC0B00A1CD16 /* Stopwatch_iOSTests.xctest */ = {isa = PBXFileReference; explicitFileType = wrapper.cfbundle; includeInIndex = 0; path = Stopwatch_iOSTests.xctest; sourceTree = BUILT_PRODUCTS_DIR; };
		D6C3F0AB2A9FBC0B00A1CD16 /* Stopwatch_iOSTests.swift */ = {isa = PBXFileReference; lastKnownFileType = sourcecode.swift; path = Stopwatch_iOSTests.swift; sourceTree = "<group>"; };
		D6C3F0B12A9FBC0B00A1CD16 /* Stopwatch_iOSUITests.xctest */ = {isa = PBXFileReference; explicitFileType = wrapper.cfbundle; includeInIndex = 0; path = Stopwatch_iOSUITests.xctest; sourceTree = BUILT_PRODUCTS_DIR; };
		D6C3F0B52A9FBC0B00A1CD16 /* Stopwatch_iOSUITests.swift */ = {isa = PBXFileReference; lastKnownFileType = sourcecode.swift; path = Stopwatch_iOSUITests.swift; sourceTree = "<group>"; };
		D6C3F0B72A9FBC0B00A1CD16 /* Stopwatch_iOSUITestsLaunchTests.swift */ = {isa = PBXFileReference; lastKnownFileType = sourcecode.swift; path = Stopwatch_iOSUITestsLaunchTests.swift; sourceTree = "<group>"; };
/* End PBXFileReference section */

/* Begin PBXFrameworksBuildPhase section */
		D6C3F0932A9FBC0700A1CD16 /* Frameworks */ = {
			isa = PBXFrameworksBuildPhase;
			buildActionMask = 2147483647;
			files = (
			);
			runOnlyForDeploymentPostprocessing = 0;
		};
		D6C3F0A42A9FBC0B00A1CD16 /* Frameworks */ = {
			isa = PBXFrameworksBuildPhase;
			buildActionMask = 2147483647;
			files = (
			);
			runOnlyForDeploymentPostprocessing = 0;
		};
		D6C3F0AE2A9FBC0B00A1CD16 /* Frameworks */ = {
			isa = PBXFrameworksBuildPhase;
			buildActionMask = 2147483647;
			files = (
			);
			runOnlyForDeploymentPostprocessing = 0;
		};
/* End PBXFrameworksBuildPhase section */

/* Begin PBXGroup section */
		D6C3F08D2A9FBC0700A1CD16 = {
			isa = PBXGroup;
			children = (
				D6C3F0982A9FBC0700A1CD16 /* Stopwatch_iOS */,
				D6C3F0AA2A9FBC0B00A1CD16 /* Stopwatch_iOSTests */,
				D6C3F0B42A9FBC0B00A1CD16 /* Stopwatch_iOSUITests */,
				D6C3F0972A9FBC0700A1CD16 /* Products */,
			);
			sourceTree = "<group>";
		};
		D6C3F0972A9FBC0700A1CD16 /* Products */ = {
			isa = PBXGroup;
			children = (
				D6C3F0962A9FBC0700A1CD16 /* Stopwatch_iOS.app */,
				D6C3F0A72A9FBC0B00A1CD16 /* Stopwatch_iOSTests.xctest */,
				D6C3F0B12A9FBC0B00A1CD16 /* Stopwatch_iOSUITests.xctest */,
			);
			name = Products;
			sourceTree = "<group>";
		};
		D6C3F0982A9FBC0700A1CD16 /* Stopwatch_iOS */ = {
			isa = PBXGroup;
			children = (
				D6C3F0992A9FBC0700A1CD16 /* Stopwatch_iOSApp.swift */,
				D6C3F09B2A9FBC0700A1CD16 /* ContentView.swift */,
				D6C3F09D2A9FBC0B00A1CD16 /* Assets.xcassets */,
				D6C3F09F2A9FBC0B00A1CD16 /* Stopwatch_iOS.entitlements */,
				D6C3F0A02A9FBC0B00A1CD16 /* Preview Content */,
			);
			path = Stopwatch_iOS;
			sourceTree = "<group>";
		};
		D6C3F0A02A9FBC0B00A1CD16 /* Preview Content */ = {
			isa = PBXGroup;
			children = (
				D6C3F0A12A9FBC0B00A1CD16 /* Preview Assets.xcassets */,
			);
			path = "Preview Content";
			sourceTree = "<group>";
		};
		D6C3F0AA2A9FBC0B00A1CD16 /* Stopwatch_iOSTests */ = {
			isa = PBXGroup;
			children = (
				D6C3F0AB2A9FBC0B00A1CD16 /* Stopwatch_iOSTests.swift */,
			);
			path = Stopwatch_iOSTests;
			sourceTree = "<group>";
		};
		D6C3F0B42A9FBC0B00A1CD16 /* Stopwatch_iOSUITests */ = {
			isa = PBXGroup;
			children = (
				D6C3F0B52A9FBC0B00A1CD16 /* Stopwatch_iOSUITests.swift */,
				D6C3F0B72A9FBC0B00A1CD16 /* Stopwatch_iOSUITestsLaunchTests.swift */,
			);
			path = Stopwatch_iOSUITests;
			sourceTree = "<group>";
		};
/* End PBXGroup section */

/* Begin PBXNativeTarget section */
		D6C3F0952A9FBC0700A1CD16 /* Stopwatch_iOS */ = {
			isa = PBXNativeTarget;
			buildConfigurationList = D6C3F0BB2A9FBC0B00A1CD16 /* Build configuration list for PBXNativeTarget "Stopwatch_iOS" */;
			buildPhases = (
				D6C3F0922A9FBC0700A1CD16 /* Sources */,
				D6C3F0932A9FBC0700A1CD16 /* Frameworks */,
				D6C3F0942A9FBC0700A1CD16 /* Resources */,
			);
			buildRules = (
			);
			dependencies = (
			);
			name = Stopwatch_iOS;
			productName = Stopwatch_iOS;
			productReference = D6C3F0962A9FBC0700A1CD16 /* Stopwatch_iOS.app */;
			productType = "com.apple.product-type.application";
		};
		D6C3F0A62A9FBC0B00A1CD16 /* Stopwatch_iOSTests */ = {
			isa = PBXNativeTarget;
			buildConfigurationList = D6C3F0BE2A9FBC0B00A1CD16 /* Build configuration list for PBXNativeTarget "Stopwatch_iOSTests" */;
			buildPhases = (
				D6C3F0A32A9FBC0B00A1CD16 /* Sources */,
				D6C3F0A42A9FBC0B00A1CD16 /* Frameworks */,
				D6C3F0A52A9FBC0B00A1CD16 /* Resources */,
			);
			buildRules = (
			);
			dependencies = (
				D6C3F0A92A9FBC0B00A1CD16 /* PBXTargetDependency */,
			);
			name = Stopwatch_iOSTests;
			productName = Stopwatch_iOSTests;
			productReference = D6C3F0A72A9FBC0B00A1CD16 /* Stopwatch_iOSTests.xctest */;
			productType = "com.apple.product-type.bundle.unit-test";
		};
		D6C3F0B02A9FBC0B00A1CD16 /* Stopwatch_iOSUITests */ = {
			isa = PBXNativeTarget;
			buildConfigurationList = D6C3F0C12A9FBC0B00A1CD16 /* Build configuration list for PBXNativeTarget "Stopwatch_iOSUITests" */;
			buildPhases = (
				D6C3F0AD2A9FBC0B00A1CD16 /* Sources */,
				D6C3F0AE2A9FBC0B00A1CD16 /* Frameworks */,
				D6C3F0AF2A9FBC0B00A1CD16 /* Resources */,
			);
			buildRules = (
			);
			dependencies = (
				D6C3F0B32A9FBC0B00A1CD16 /* PBXTargetDependency */,
			);
			name = Stopwatch_iOSUITests;
			productName = Stopwatch_iOSUITests;
			productReference = D6C3F0B12A9FBC0B00A1CD16 /* Stopwatch_iOSUITests.xctest */;
			productType = "com.apple.product-type.bundle.ui-testing";
		};
/* End PBXNativeTarget section */

/* Begin PBXProject section */
		D6C3F08E2A9FBC0700A1CD16 /* Project object */ = {
			isa = PBXProject;
			attributes = {
				BuildIndependentTargetsInParallel = 1;
				LastSwiftUpdateCheck = 1500;
				LastUpgradeCheck = 1500;
				TargetAttributes = {
					D6C3F0952A9FBC0700A1CD16 = {
						CreatedOnToolsVersion = 15.0;
					};
					D6C3F0A62A9FBC0B00A1CD16 = {
						CreatedOnToolsVersion = 15.0;
						TestTargetID = D6C3F0952A9FBC0700A1CD16;
					};
					D6C3F0B02A9FBC0B00A1CD16 = {
						CreatedOnToolsVersion = 15.0;
						TestTargetID = D6C3F0952A9FBC0700A1CD16;
					};
				};
			};
			buildConfigurationList = D6C3F0912A9FBC0700A1CD16 /* Build configuration list for PBXProject "Stopwatch_iOS" */;
			compatibilityVersion = "Xcode 14.0";
			developmentRegion = en;
			hasScannedForEncodings = 0;
			knownRegions = (
				en,
				Base,
			);
			mainGroup = D6C3F08D2A9FBC0700A1CD16;
			productRefGroup = D6C3F0972A9FBC0700A1CD16 /* Products */;
			projectDirPath = "";
			projectRoot = "";
			targets = (
				D6C3F0952A9FBC0700A1CD16 /* Stopwatch_iOS */,
				D6C3F0A62A9FBC0B00A1CD16 /* Stopwatch_iOSTests */,
				D6C3F0B02A9FBC0B00A1CD16 /* Stopwatch_iOSUITests */,
			);
		};
/* End PBXProject section */

/* Begin PBXResourcesBuildPhase section */
		D6C3F0942A9FBC0700A1CD16 /* Resources */ = {
			isa = PBXResourcesBuildPhase;
			buildActionMask = 2147483647;
			files = (
				D6C3F0A22A9FBC0B00A1CD16 /* Preview Assets.xcassets in Resources */,
				D6C3F09E2A9FBC0B00A1CD16 /* Assets.xcassets in Resources */,
			);
			runOnlyForDeploymentPostprocessing = 0;
		};
		D6C3F0A52A9FBC0B00A1CD16 /* Resources */ = {
			isa = PBXResourcesBuildPhase;
			buildActionMask = 2147483647;
			files = (
			);
			runOnlyForDeploymentPostprocessing = 0;
		};
		D6C3F0AF2A9FBC0B00A1CD16 /* Resources */ = {
			isa = PBXResourcesBuildPhase;
			buildActionMask = 2147483647;
			files = (
			);
			runOnlyForDeploymentPostprocessing = 0;
		};
/* End PBXResourcesBuildPhase section */

/* Begin PBXSourcesBuildPhase section */
		D6C3F0922A9FBC0700A1CD16 /* Sources */ = {
			isa = PBXSourcesBuildPhase;
			buildActionMask = 2147483647;
			files = (
				D6C3F09C2A9FBC0700A1CD16 /* ContentView.swift in Sources */,
				D6C3F09A2A9FBC0700A1CD16 /* Stopwatch_iOSApp.swift in Sources */,
			);
			runOnlyForDeploymentPostprocessing = 0;
		};
		D6C3F0A32A9FBC0B00A1CD16 /* Sources */ = {
			isa = PBXSourcesBuildPhase;
			buildActionMask = 2147483647;
			files = (
				D6C3F0AC2A9FBC0B00A1CD16 /* Stopwatch_iOSTests.swift in Sources */,
			);
			runOnlyForDeploymentPostprocessing = 0;
		};
		D6C3F0AD2A9FBC0B00A1CD16 /* Sources */ = {
			isa = PBXSourcesBuildPhase;
			buildActionMask = 2147483647;
			files = (
				D6C3F0B82A9FBC0B00A1CD16 /* Stopwatch_iOSUITestsLaunchTests.swift in Sources */,
				D6C3F0B62A9FBC0B00A1CD16 /* Stopwatch_iOSUITests.swift in Sources */,
			);
			runOnlyForDeploymentPostprocessing = 0;
		};
/* End PBXSourcesBuildPhase section */

/* Begin PBXTargetDependency section */
		D6C3F0A92A9FBC0B00A1CD16 /* PBXTargetDependency */ = {
			isa = PBXTargetDependency;
			target = D6C3F0952A9FBC0700A1CD16 /* Stopwatch_iOS */;
			targetProxy = D6C3F0A82A9FBC0B00A1CD16 /* PBXContainerItemProxy */;
		};
		D6C3F0B32A9FBC0B00A1CD16 /* PBXTargetDependency */ = {
			isa = PBXTargetDependency;
			target = D6C3F0952A9FBC0700A1CD16 /* Stopwatch_iOS */;
			targetProxy = D6C3F0B22A9FBC0B00A1CD16 /* PBXContainerItemProxy */;
		};
/* End PBXTargetDependency section */

/* Begin XCBuildConfiguration section */
		D6C3F0B92A9FBC0B00A1CD16 /* Debug */ = {
			isa = XCBuildConfiguration;
			buildSettings = {
				ALWAYS_SEARCH_USER_PATHS = NO;
				ASSETCATALOG_COMPILER_GENERATE_SWIFT_ASSET_SYMBOL_EXTENSIONS = YES;
				CLANG_ANALYZER_NONNULL = YES;
				CLANG_ANALYZER_NUMBER_OBJECT_CONVERSION = YES_AGGRESSIVE;
				CLANG_CXX_LANGUAGE_STANDARD = "gnu++20";
				CLANG_ENABLE_MODULES = YES;
				CLANG_ENABLE_OBJC_ARC = YES;
				CLANG_ENABLE_OBJC_WEAK = YES;
				CLANG_WARN_BLOCK_CAPTURE_AUTORELEASING = YES;
				CLANG_WARN_BOOL_CONVERSION = YES;
				CLANG_WARN_COMMA = YES;
				CLANG_WARN_CONSTANT_CONVERSION = YES;
				CLANG_WARN_DEPRECATED_OBJC_IMPLEMENTATIONS = YES;
				CLANG_WARN_DIRECT_OBJC_ISA_USAGE = YES_ERROR;
				CLANG_WARN_DOCUMENTATION_COMMENTS = YES;
				CLANG_WARN_EMPTY_BODY = YES;
				CLANG_WARN_ENUM_CONVERSION = YES;
				CLANG_WARN_INFINITE_RECURSION = YES;
				CLANG_WARN_INT_CONVERSION = YES;
				CLANG_WARN_NON_LITERAL_NULL_CONVERSION = YES;
				CLANG_WARN_OBJC_IMPLICIT_RETAIN_SELF = YES;
				CLANG_WARN_OBJC_LITERAL_CONVERSION = YES;
				CLANG_WARN_OBJC_ROOT_CLASS = YES_ERROR;
				CLANG_WARN_QUOTED_INCLUDE_IN_FRAMEWORK_HEADER = YES;
				CLANG_WARN_RANGE_LOOP_ANALYSIS = YES;
				CLANG_WARN_STRICT_PROTOTYPES = YES;
				CLANG_WARN_SUSPICIOUS_MOVE = YES;
				CLANG_WARN_UNGUARDED_AVAILABILITY = YES_AGGRESSIVE;
				CLANG_WARN_UNREACHABLE_CODE = YES;
				CLANG_WARN__DUPLICATE_METHOD_MATCH = YES;
				COPY_PHASE_STRIP = NO;
				DEBUG_INFORMATION_FORMAT = dwarf;
				ENABLE_STRICT_OBJC_MSGSEND = YES;
				ENABLE_TESTABILITY = YES;
				ENABLE_USER_SCRIPT_SANDBOXING = YES;
				GCC_C_LANGUAGE_STANDARD = gnu17;
				GCC_DYNAMIC_NO_PIC = NO;
				GCC_NO_COMMON_BLOCKS = YES;
				GCC_OPTIMIZATION_LEVEL = 0;
				GCC_PREPROCESSOR_DEFINITIONS = (
					"DEBUG=1",
					"$(inherited)",
				);
				GCC_WARN_64_TO_32_BIT_CONVERSION = YES;
				GCC_WARN_ABOUT_RETURN_TYPE = YES_ERROR;
				GCC_WARN_UNDECLARED_SELECTOR = YES;
				GCC_WARN_UNINITIALIZED_AUTOS = YES_AGGRESSIVE;
				GCC_WARN_UNUSED_FUNCTION = YES;
				GCC_WARN_UNUSED_VARIABLE = YES;
				LOCALIZATION_PREFERS_STRING_CATALOGS = YES;
				MTL_ENABLE_DEBUG_INFO = INCLUDE_SOURCE;
				MTL_FAST_MATH = YES;
				ONLY_ACTIVE_ARCH = YES;
				SWIFT_ACTIVE_COMPILATION_CONDITIONS = "DEBUG $(inherited)";
				SWIFT_OPTIMIZATION_LEVEL = "-Onone";
			};
			name = Debug;
		};
		D6C3F0BA2A9FBC0B00A1CD16 /* Release */ = {
			isa = XCBuildConfiguration;
			buildSettings = {
				ALWAYS_SEARCH_USER_PATHS = NO;
				ASSETCATALOG_COMPILER_GENERATE_SWIFT_ASSET_SYMBOL_EXTENSIONS = YES;
				CLANG_ANALYZER_NONNULL = YES;
				CLANG_ANALYZER_NUMBER_OBJECT_CONVERSION = YES_AGGRESSIVE;
				CLANG_CXX_LANGUAGE_STANDARD = "gnu++20";
				CLANG_ENABLE_MODULES = YES;
				CLANG_ENABLE_OBJC_ARC = YES;
				CLANG_ENABLE_OBJC_WEAK = YES;
				CLANG_WARN_BLOCK_CAPTURE_AUTORELEASING = YES;
				CLANG_WARN_BOOL_CONVERSION = YES;
				CLANG_WARN_COMMA = YES;
				CLANG_WARN_CONSTANT_CONVERSION = YES;
				CLANG_WARN_DEPRECATED_OBJC_IMPLEMENTATIONS = YES;
				CLANG_WARN_DIRECT_OBJC_ISA_USAGE = YES_ERROR;
				CLANG_WARN_DOCUMENTATION_COMMENTS = YES;
				CLANG_WARN_EMPTY_BODY = YES;
				CLANG_WARN_ENUM_CONVERSION = YES;
				CLANG_WARN_INFINITE_RECURSION = YES;
				CLANG_WARN_INT_CONVERSION = YES;
				CLANG_WARN_NON_LITERAL_NULL_CONVERSION = YES;
				CLANG_WARN_OBJC_IMPLICIT_RETAIN_SELF = YES;
				CLANG_WARN_OBJC_LITERAL_CONVERSION = YES;
				CLANG_WARN_OBJC_ROOT_CLASS = YES_ERROR;
				CLANG_WARN_QUOTED_INCLUDE_IN_FRAMEWORK_HEADER = YES;
				CLANG_WARN_RANGE_LOOP_ANALYSIS = YES;
				CLANG_WARN_STRICT_PROTOTYPES = YES;
				CLANG_WARN_SUSPICIOUS_MOVE = YES;
				CLANG_WARN_UNGUARDED_AVAILABILITY = YES_AGGRESSIVE;
				CLANG_WARN_UNREACHABLE_CODE = YES;
				CLANG_WARN__DUPLICATE_METHOD_MATCH = YES;
				COPY_PHASE_STRIP = NO;
				DEBUG_INFORMATION_FORMAT = "dwarf-with-dsym";
				ENABLE_NS_ASSERTIONS = NO;
				ENABLE_STRICT_OBJC_MSGSEND = YES;
				ENABLE_USER_SCRIPT_SANDBOXING = YES;
				GCC_C_LANGUAGE_STANDARD = gnu17;
				GCC_NO_COMMON_BLOCKS = YES;
				GCC_WARN_64_TO_32_BIT_CONVERSION = YES;
				GCC_WARN_ABOUT_RETURN_TYPE = YES_ERROR;
				GCC_WARN_UNDECLARED_SELECTOR = YES;
				GCC_WARN_UNINITIALIZED_AUTOS = YES_AGGRESSIVE;
				GCC_WARN_UNUSED_FUNCTION = YES;
				GCC_WARN_UNUSED_VARIABLE = YES;
				LOCALIZATION_PREFERS_STRING_CATALOGS = YES;
				MTL_ENABLE_DEBUG_INFO = NO;
				MTL_FAST_MATH = YES;
				SWIFT_COMPILATION_MODE = wholemodule;
			};
			name = Release;
		};
		D6C3F0BC2A9FBC0B00A1CD16 /* Debug */ = {
			isa = XCBuildConfiguration;
			buildSettings = {
				ASSETCATALOG_COMPILER_APPICON_NAME = AppIcon;
				ASSETCATALOG_COMPILER_GLOBAL_ACCENT_COLOR_NAME = AccentColor;
				CODE_SIGN_ENTITLEMENTS = Stopwatch_iOS/Stopwatch_iOS.entitlements;
				CODE_SIGN_STYLE = Automatic;
				CURRENT_PROJECT_VERSION = 1;
				DEVELOPMENT_ASSET_PATHS = "\"Stopwatch_iOS/Preview Content\"";
				DEVELOPMENT_TEAM = KFFGWW94BP;
				ENABLE_HARDENED_RUNTIME = YES;
				ENABLE_PREVIEWS = YES;
				GENERATE_INFOPLIST_FILE = YES;
				"INFOPLIST_KEY_UIApplicationSceneManifest_Generation[sdk=iphoneos*]" = YES;
				"INFOPLIST_KEY_UIApplicationSceneManifest_Generation[sdk=iphonesimulator*]" = YES;
				"INFOPLIST_KEY_UIApplicationSupportsIndirectInputEvents[sdk=iphoneos*]" = YES;
				"INFOPLIST_KEY_UIApplicationSupportsIndirectInputEvents[sdk=iphonesimulator*]" = YES;
				"INFOPLIST_KEY_UILaunchScreen_Generation[sdk=iphoneos*]" = YES;
				"INFOPLIST_KEY_UILaunchScreen_Generation[sdk=iphonesimulator*]" = YES;
				"INFOPLIST_KEY_UIStatusBarStyle[sdk=iphoneos*]" = UIStatusBarStyleDefault;
				"INFOPLIST_KEY_UIStatusBarStyle[sdk=iphonesimulator*]" = UIStatusBarStyleDefault;
				INFOPLIST_KEY_UISupportedInterfaceOrientations_iPad = "UIInterfaceOrientationPortrait UIInterfaceOrientationPortraitUpsideDown UIInterfaceOrientationLandscapeLeft UIInterfaceOrientationLandscapeRight";
				INFOPLIST_KEY_UISupportedInterfaceOrientations_iPhone = "UIInterfaceOrientationPortrait UIInterfaceOrientationLandscapeLeft UIInterfaceOrientationLandscapeRight";
				IPHONEOS_DEPLOYMENT_TARGET = 17.0;
				LD_RUNPATH_SEARCH_PATHS = "@executable_path/Frameworks";
				"LD_RUNPATH_SEARCH_PATHS[sdk=macosx*]" = "@executable_path/../Frameworks";
				MACOSX_DEPLOYMENT_TARGET = 13.4;
				MARKETING_VERSION = 1.0;
				PRODUCT_BUNDLE_IDENTIFIER = "sambit.das.Stopwatch-iOS";
				PRODUCT_NAME = "$(TARGET_NAME)";
				SDKROOT = auto;
				SUPPORTED_PLATFORMS = "iphoneos iphonesimulator macosx";
				SWIFT_EMIT_LOC_STRINGS = YES;
				SWIFT_VERSION = 5.0;
				TARGETED_DEVICE_FAMILY = "1,2";
			};
			name = Debug;
		};
		D6C3F0BD2A9FBC0B00A1CD16 /* Release */ = {
			isa = XCBuildConfiguration;
			buildSettings = {
				ASSETCATALOG_COMPILER_APPICON_NAME = AppIcon;
				ASSETCATALOG_COMPILER_GLOBAL_ACCENT_COLOR_NAME = AccentColor;
				CODE_SIGN_ENTITLEMENTS = Stopwatch_iOS/Stopwatch_iOS.entitlements;
				CODE_SIGN_STYLE = Automatic;
				CURRENT_PROJECT_VERSION = 1;
				DEVELOPMENT_ASSET_PATHS = "\"Stopwatch_iOS/Preview Content\"";
				DEVELOPMENT_TEAM = KFFGWW94BP;
				ENABLE_HARDENED_RUNTIME = YES;
				ENABLE_PREVIEWS = YES;
				GENERATE_INFOPLIST_FILE = YES;
				"INFOPLIST_KEY_UIApplicationSceneManifest_Generation[sdk=iphoneos*]" = YES;
				"INFOPLIST_KEY_UIApplicationSceneManifest_Generation[sdk=iphonesimulator*]" = YES;
				"INFOPLIST_KEY_UIApplicationSupportsIndirectInputEvents[sdk=iphoneos*]" = YES;
				"INFOPLIST_KEY_UIApplicationSupportsIndirectInputEvents[sdk=iphonesimulator*]" = YES;
				"INFOPLIST_KEY_UILaunchScreen_Generation[sdk=iphoneos*]" = YES;
				"INFOPLIST_KEY_UILaunchScreen_Generation[sdk=iphonesimulator*]" = YES;
				"INFOPLIST_KEY_UIStatusBarStyle[sdk=iphoneos*]" = UIStatusBarStyleDefault;
				"INFOPLIST_KEY_UIStatusBarStyle[sdk=iphonesimulator*]" = UIStatusBarStyleDefault;
				INFOPLIST_KEY_UISupportedInterfaceOrientations_iPad = "UIInterfaceOrientationPortrait UIInterfaceOrientationPortraitUpsideDown UIInterfaceOrientationLandscapeLeft UIInterfaceOrientationLandscapeRight";
				INFOPLIST_KEY_UISupportedInterfaceOrientations_iPhone = "UIInterfaceOrientationPortrait UIInterfaceOrientationLandscapeLeft UIInterfaceOrientationLandscapeRight";
				IPHONEOS_DEPLOYMENT_TARGET = 17.0;
				LD_RUNPATH_SEARCH_PATHS = "@executable_path/Frameworks";
				"LD_RUNPATH_SEARCH_PATHS[sdk=macosx*]" = "@executable_path/../Frameworks";
				MACOSX_DEPLOYMENT_TARGET = 13.4;
				MARKETING_VERSION = 1.0;
				PRODUCT_BUNDLE_IDENTIFIER = "sambit.das.Stopwatch-iOS";
				PRODUCT_NAME = "$(TARGET_NAME)";
				SDKROOT = auto;
				SUPPORTED_PLATFORMS = "iphoneos iphonesimulator macosx";
				SWIFT_EMIT_LOC_STRINGS = YES;
				SWIFT_VERSION = 5.0;
				TARGETED_DEVICE_FAMILY = "1,2";
			};
			name = Release;
		};
		D6C3F0BF2A9FBC0B00A1CD16 /* Debug */ = {
			isa = XCBuildConfiguration;
			buildSettings = {
				ALWAYS_EMBED_SWIFT_STANDARD_LIBRARIES = YES;
				BUNDLE_LOADER = "$(TEST_HOST)";
				CODE_SIGN_STYLE = Automatic;
				CURRENT_PROJECT_VERSION = 1;
				DEVELOPMENT_TEAM = KFFGWW94BP;
				GENERATE_INFOPLIST_FILE = YES;
				IPHONEOS_DEPLOYMENT_TARGET = 17.0;
				MACOSX_DEPLOYMENT_TARGET = 13.4;
				MARKETING_VERSION = 1.0;
				PRODUCT_BUNDLE_IDENTIFIER = "sambit.das.Stopwatch-iOSTests";
				PRODUCT_NAME = "$(TARGET_NAME)";
				SDKROOT = auto;
				SUPPORTED_PLATFORMS = "iphoneos iphonesimulator macosx";
				SWIFT_EMIT_LOC_STRINGS = NO;
				SWIFT_VERSION = 5.0;
				TARGETED_DEVICE_FAMILY = "1,2";
				TEST_HOST = "$(BUILT_PRODUCTS_DIR)/Stopwatch_iOS.app/$(BUNDLE_EXECUTABLE_FOLDER_PATH)/Stopwatch_iOS";
			};
			name = Debug;
		};
		D6C3F0C02A9FBC0B00A1CD16 /* Release */ = {
			isa = XCBuildConfiguration;
			buildSettings = {
				ALWAYS_EMBED_SWIFT_STANDARD_LIBRARIES = YES;
				BUNDLE_LOADER = "$(TEST_HOST)";
				CODE_SIGN_STYLE = Automatic;
				CURRENT_PROJECT_VERSION = 1;
				DEVELOPMENT_TEAM = KFFGWW94BP;
				GENERATE_INFOPLIST_FILE = YES;
				IPHONEOS_DEPLOYMENT_TARGET = 17.0;
				MACOSX_DEPLOYMENT_TARGET = 13.4;
				MARKETING_VERSION = 1.0;
				PRODUCT_BUNDLE_IDENTIFIER = "sambit.das.Stopwatch-iOSTests";
				PRODUCT_NAME = "$(TARGET_NAME)";
				SDKROOT = auto;
				SUPPORTED_PLATFORMS = "iphoneos iphonesimulator macosx";
				SWIFT_EMIT_LOC_STRINGS = NO;
				SWIFT_VERSION = 5.0;
				TARGETED_DEVICE_FAMILY = "1,2";
				TEST_HOST = "$(BUILT_PRODUCTS_DIR)/Stopwatch_iOS.app/$(BUNDLE_EXECUTABLE_FOLDER_PATH)/Stopwatch_iOS";
			};
			name = Release;
		};
		D6C3F0C22A9FBC0B00A1CD16 /* Debug */ = {
			isa = XCBuildConfiguration;
			buildSettings = {
				ALWAYS_EMBED_SWIFT_STANDARD_LIBRARIES = YES;
				CODE_SIGN_STYLE = Automatic;
				CURRENT_PROJECT_VERSION = 1;
				DEVELOPMENT_TEAM = KFFGWW94BP;
				GENERATE_INFOPLIST_FILE = YES;
				IPHONEOS_DEPLOYMENT_TARGET = 17.0;
				MACOSX_DEPLOYMENT_TARGET = 13.4;
				MARKETING_VERSION = 1.0;
				PRODUCT_BUNDLE_IDENTIFIER = "sambit.das.Stopwatch-iOSUITests";
				PRODUCT_NAME = "$(TARGET_NAME)";
				SDKROOT = auto;
				SUPPORTED_PLATFORMS = "iphoneos iphonesimulator macosx";
				SWIFT_EMIT_LOC_STRINGS = NO;
				SWIFT_VERSION = 5.0;
				TARGETED_DEVICE_FAMILY = "1,2";
				TEST_TARGET_NAME = Stopwatch_iOS;
			};
			name = Debug;
		};
		D6C3F0C32A9FBC0B00A1CD16 /* Release */ = {
			isa = XCBuildConfiguration;
			buildSettings = {
				ALWAYS_EMBED_SWIFT_STANDARD_LIBRARIES = YES;
				CODE_SIGN_STYLE = Automatic;
				CURRENT_PROJECT_VERSION = 1;
				DEVELOPMENT_TEAM = KFFGWW94BP;
				GENERATE_INFOPLIST_FILE = YES;
				IPHONEOS_DEPLOYMENT_TARGET = 17.0;
				MACOSX_DEPLOYMENT_TARGET = 13.4;
				MARKETING_VERSION = 1.0;
				PRODUCT_BUNDLE_IDENTIFIER = "sambit.das.Stopwatch-iOSUITests";
				PRODUCT_NAME = "$(TARGET_NAME)";
				SDKROOT = auto;
				SUPPORTED_PLATFORMS = "iphoneos iphonesimulator macosx";
				SWIFT_EMIT_LOC_STRINGS = NO;
				SWIFT_VERSION = 5.0;
				TARGETED_DEVICE_FAMILY = "1,2";
				TEST_TARGET_NAME = Stopwatch_iOS;
			};
			name = Release;
		};
/* End XCBuildConfiguration section */

/* Begin XCConfigurationList section */
		D6C3F0912A9FBC0700A1CD16 /* Build configuration list for PBXProject "Stopwatch_iOS" */ = {
			isa = XCConfigurationList;
			buildConfigurations = (
				D6C3F0B92A9FBC0B00A1CD16 /* Debug */,
				D6C3F0BA2A9FBC0B00A1CD16 /* Release */,
			);
			defaultConfigurationIsVisible = 0;
			defaultConfigurationName = Release;
		};
		D6C3F0BB2A9FBC0B00A1CD16 /* Build configuration list for PBXNativeTarget "Stopwatch_iOS" */ = {
			isa = XCConfigurationList;
			buildConfigurations = (
				D6C3F0BC2A9FBC0B00A1CD16 /* Debug */,
				D6C3F0BD2A9FBC0B00A1CD16 /* Release */,
			);
			defaultConfigurationIsVisible = 0;
			defaultConfigurationName = Release;
		};
		D6C3F0BE2A9FBC0B00A1CD16 /* Build configuration list for PBXNativeTarget "Stopwatch_iOSTests" */ = {
			isa = XCConfigurationList;
			buildConfigurations = (
				D6C3F0BF2A9FBC0B00A1CD16 /* Debug */,
				D6C3F0C02A9FBC0B00A1CD16 /* Release */,
			);
			defaultConfigurationIsVisible = 0;
			defaultConfigurationName = Release;
		};
		D6C3F0C12A9FBC0B00A1CD16 /* Build configuration list for PBXNativeTarget "Stopwatch_iOSUITests" */ = {
			isa = XCConfigurationList;
			buildConfigurations = (
				D6C3F0C22A9FBC0B00A1CD16 /* Debug */,
				D6C3F0C32A9FBC0B00A1CD16 /* Release */,
			);
			defaultConfigurationIsVisible = 0;
			defaultConfigurationName = Release;
		};
/* End XCConfigurationList section */
	};
	rootObject = D6C3F08E2A9FBC0700A1CD16 /* Project object */;
}
